// !$*UTF8*$!
{
	archiveVersion = 1;
	classes = {
	};
	objectVersion = 46;
	objects = {

/* Begin PBXBuildFile section */
		D38DDBB51B93736800B81824 /* main.m in Sources */ = {isa = PBXBuildFile; fileRef = D38DDBB41B93736800B81824 /* main.m */; };
		D38DDBB81B93736800B81824 /* AppDelegate.m in Sources */ = {isa = PBXBuildFile; fileRef = D38DDBB71B93736800B81824 /* AppDelegate.m */; };
		D38DDBBB1B93736800B81824 /* MasterViewController.m in Sources */ = {isa = PBXBuildFile; fileRef = D38DDBBA1B93736800B81824 /* MasterViewController.m */; };
		D38DDBBE1B93736800B81824 /* DetailViewController.m in Sources */ = {isa = PBXBuildFile; fileRef = D38DDBBD1B93736800B81824 /* DetailViewController.m */; };
		D38DDBC11B93736800B81824 /* Main.storyboard in Resources */ = {isa = PBXBuildFile; fileRef = D38DDBBF1B93736800B81824 /* Main.storyboard */; };
		D38DDBC31B93736800B81824 /* Images.xcassets in Resources */ = {isa = PBXBuildFile; fileRef = D38DDBC21B93736800B81824 /* Images.xcassets */; };
		D38DDBC61B93736800B81824 /* LaunchScreen.xib in Resources */ = {isa = PBXBuildFile; fileRef = D38DDBC41B93736800B81824 /* LaunchScreen.xib */; };
		D38DDBD21B93736800B81824 /* MasterDetailDemoTests.m in Sources */ = {isa = PBXBuildFile; fileRef = D38DDBD11B93736800B81824 /* MasterDetailDemoTests.m */; };
		D38DDBDE1B93748200B81824 /* someViewController.m in Sources */ = {isa = PBXBuildFile; fileRef = D38DDBDC1B93748200B81824 /* someViewController.m */; };
		D38DDBDF1B93748200B81824 /* someViewController.xib in Resources */ = {isa = PBXBuildFile; fileRef = D38DDBDD1B93748200B81824 /* someViewController.xib */; };
		D38DDBEB1B937CA300B81824 /* HBBaseViewController.m in Sources */ = {isa = PBXBuildFile; fileRef = D38DDBEA1B937CA300B81824 /* HBBaseViewController.m */; };
/* End PBXBuildFile section */

/* Begin PBXContainerItemProxy section */
		D38DDBCC1B93736800B81824 /* PBXContainerItemProxy */ = {
			isa = PBXContainerItemProxy;
			containerPortal = D38DDBA71B93736800B81824 /* Project object */;
			proxyType = 1;
			remoteGlobalIDString = D38DDBAE1B93736800B81824;
			remoteInfo = MasterDetailDemo;
		};
/* End PBXContainerItemProxy section */

/* Begin PBXFileReference section */
		D38DDBAF1B93736800B81824 /* MasterDetailDemo.app */ = {isa = PBXFileReference; explicitFileType = wrapper.application; includeInIndex = 0; path = MasterDetailDemo.app; sourceTree = BUILT_PRODUCTS_DIR; };
		D38DDBB31B93736800B81824 /* Info.plist */ = {isa = PBXFileReference; lastKnownFileType = text.plist.xml; path = Info.plist; sourceTree = "<group>"; };
		D38DDBB41B93736800B81824 /* main.m */ = {isa = PBXFileReference; lastKnownFileType = sourcecode.c.objc; path = main.m; sourceTree = "<group>"; };
		D38DDBB61B93736800B81824 /* AppDelegate.h */ = {isa = PBXFileReference; lastKnownFileType = sourcecode.c.h; path = AppDelegate.h; sourceTree = "<group>"; };
		D38DDBB71B93736800B81824 /* AppDelegate.m */ = {isa = PBXFileReference; lastKnownFileType = sourcecode.c.objc; path = AppDelegate.m; sourceTree = "<group>"; };
		D38DDBB91B93736800B81824 /* MasterViewController.h */ = {isa = PBXFileReference; lastKnownFileType = sourcecode.c.h; path = MasterViewController.h; sourceTree = "<group>"; };
		D38DDBBA1B93736800B81824 /* MasterViewController.m */ = {isa = PBXFileReference; lastKnownFileType = sourcecode.c.objc; path = MasterViewController.m; sourceTree = "<group>"; };
		D38DDBBC1B93736800B81824 /* DetailViewController.h */ = {isa = PBXFileReference; lastKnownFileType = sourcecode.c.h; path = DetailViewController.h; sourceTree = "<group>"; };
		D38DDBBD1B93736800B81824 /* DetailViewController.m */ = {isa = PBXFileReference; lastKnownFileType = sourcecode.c.objc; path = DetailViewController.m; sourceTree = "<group>"; };
		D38DDBC01B93736800B81824 /* Base */ = {isa = PBXFileReference; lastKnownFileType = file.storyboard; name = Base; path = Base.lproj/Main.storyboard; sourceTree = "<group>"; };
		D38DDBC21B93736800B81824 /* Images.xcassets */ = {isa = PBXFileReference; lastKnownFileType = folder.assetcatalog; path = Images.xcassets; sourceTree = "<group>"; };
		D38DDBC51B93736800B81824 /* Base */ = {isa = PBXFileReference; lastKnownFileType = file.xib; name = Base; path = Base.lproj/LaunchScreen.xib; sourceTree = "<group>"; };
		D38DDBCB1B93736800B81824 /* MasterDetailDemoTests.xctest */ = {isa = PBXFileReference; explicitFileType = wrapper.cfbundle; includeInIndex = 0; path = MasterDetailDemoTests.xctest; sourceTree = BUILT_PRODUCTS_DIR; };
		D38DDBD01B93736800B81824 /* Info.plist */ = {isa = PBXFileReference; lastKnownFileType = text.plist.xml; path = Info.plist; sourceTree = "<group>"; };
		D38DDBD11B93736800B81824 /* MasterDetailDemoTests.m */ = {isa = PBXFileReference; lastKnownFileType = sourcecode.c.objc; path = MasterDetailDemoTests.m; sourceTree = "<group>"; };
		D38DDBDB1B93748200B81824 /* someViewController.h */ = {isa = PBXFileReference; fileEncoding = 4; lastKnownFileType = sourcecode.c.h; path = someViewController.h; sourceTree = "<group>"; };
		D38DDBDC1B93748200B81824 /* someViewController.m */ = {isa = PBXFileReference; fileEncoding = 4; lastKnownFileType = sourcecode.c.objc; path = someViewController.m; sourceTree = "<group>"; };
		D38DDBDD1B93748200B81824 /* someViewController.xib */ = {isa = PBXFileReference; fileEncoding = 4; lastKnownFileType = file.xib; path = someViewController.xib; sourceTree = "<group>"; };
		D38DDBE91B937CA300B81824 /* HBBaseViewController.h */ = {isa = PBXFileReference; fileEncoding = 4; lastKnownFileType = sourcecode.c.h; path = HBBaseViewController.h; sourceTree = "<group>"; };
		D38DDBEA1B937CA300B81824 /* HBBaseViewController.m */ = {isa = PBXFileReference; fileEncoding = 4; lastKnownFileType = sourcecode.c.objc; path = HBBaseViewController.m; sourceTree = "<group>"; };
/* End PBXFileReference section */

/* Begin PBXFrameworksBuildPhase section */
		D38DDBAC1B93736800B81824 /* Frameworks */ = {
			isa = PBXFrameworksBuildPhase;
			buildActionMask = 2147483647;
			files = (
			);
			runOnlyForDeploymentPostprocessing = 0;
		};
		D38DDBC81B93736800B81824 /* Frameworks */ = {
			isa = PBXFrameworksBuildPhase;
			buildActionMask = 2147483647;
			files = (
			);
			runOnlyForDeploymentPostprocessing = 0;
		};
/* End PBXFrameworksBuildPhase section */

/* Begin PBXGroup section */
		D38DDBA61B93736800B81824 = {
			isa = PBXGroup;
			children = (
				D38DDBB11B93736800B81824 /* MasterDetailDemo */,
				D38DDBCE1B93736800B81824 /* MasterDetailDemoTests */,
				D38DDBB01B93736800B81824 /* Products */,
			);
			sourceTree = "<group>";
		};
		D38DDBB01B93736800B81824 /* Products */ = {
			isa = PBXGroup;
			children = (
				D38DDBAF1B93736800B81824 /* MasterDetailDemo.app */,
				D38DDBCB1B93736800B81824 /* MasterDetailDemoTests.xctest */,
			);
			name = Products;
			sourceTree = "<group>";
		};
		D38DDBB11B93736800B81824 /* MasterDetailDemo */ = {
			isa = PBXGroup;
			children = (
				D38DDBDB1B93748200B81824 /* someViewController.h */,
				D38DDBDC1B93748200B81824 /* someViewController.m */,
				D38DDBDD1B93748200B81824 /* someViewController.xib */,
				D38DDBB61B93736800B81824 /* AppDelegate.h */,
				D38DDBB71B93736800B81824 /* AppDelegate.m */,
				D38DDBB91B93736800B81824 /* MasterViewController.h */,
				D38DDBBA1B93736800B81824 /* MasterViewController.m */,
				D38DDBBC1B93736800B81824 /* DetailViewController.h */,
				D38DDBE91B937CA300B81824 /* HBBaseViewController.h */,
				D38DDBEA1B937CA300B81824 /* HBBaseViewController.m */,
				D38DDBBD1B93736800B81824 /* DetailViewController.m */,
				D38DDBBF1B93736800B81824 /* Main.storyboard */,
				D38DDBC21B93736800B81824 /* Images.xcassets */,
				D38DDBC41B93736800B81824 /* LaunchScreen.xib */,
				D38DDBB21B93736800B81824 /* Supporting Files */,
			);
			path = MasterDetailDemo;
			sourceTree = "<group>";
		};
		D38DDBB21B93736800B81824 /* Supporting Files */ = {
			isa = PBXGroup;
			children = (
				D38DDBB31B93736800B81824 /* Info.plist */,
				D38DDBB41B93736800B81824 /* main.m */,
			);
			name = "Supporting Files";
			sourceTree = "<group>";
		};
		D38DDBCE1B93736800B81824 /* MasterDetailDemoTests */ = {
			isa = PBXGroup;
			children = (
				D38DDBD11B93736800B81824 /* MasterDetailDemoTests.m */,
				D38DDBCF1B93736800B81824 /* Supporting Files */,
			);
			path = MasterDetailDemoTests;
			sourceTree = "<group>";
		};
		D38DDBCF1B93736800B81824 /* Supporting Files */ = {
			isa = PBXGroup;
			children = (
				D38DDBD01B93736800B81824 /* Info.plist */,
			);
			name = "Supporting Files";
			sourceTree = "<group>";
		};
/* End PBXGroup section */

/* Begin PBXNativeTarget section */
		D38DDBAE1B93736800B81824 /* MasterDetailDemo */ = {
			isa = PBXNativeTarget;
			buildConfigurationList = D38DDBD51B93736900B81824 /* Build configuration list for PBXNativeTarget "MasterDetailDemo" */;
			buildPhases = (
				D38DDBAB1B93736800B81824 /* Sources */,
				D38DDBAC1B93736800B81824 /* Frameworks */,
				D38DDBAD1B93736800B81824 /* Resources */,
			);
			buildRules = (
			);
			dependencies = (
			);
			name = MasterDetailDemo;
			productName = MasterDetailDemo;
			productReference = D38DDBAF1B93736800B81824 /* MasterDetailDemo.app */;
			productType = "com.apple.product-type.application";
		};
		D38DDBCA1B93736800B81824 /* MasterDetailDemoTests */ = {
			isa = PBXNativeTarget;
			buildConfigurationList = D38DDBD81B93736900B81824 /* Build configuration list for PBXNativeTarget "MasterDetailDemoTests" */;
			buildPhases = (
				D38DDBC71B93736800B81824 /* Sources */,
				D38DDBC81B93736800B81824 /* Frameworks */,
				D38DDBC91B93736800B81824 /* Resources */,
			);
			buildRules = (
			);
			dependencies = (
				D38DDBCD1B93736800B81824 /* PBXTargetDependency */,
			);
			name = MasterDetailDemoTests;
			productName = MasterDetailDemoTests;
			productReference = D38DDBCB1B93736800B81824 /* MasterDetailDemoTests.xctest */;
			productType = "com.apple.product-type.bundle.unit-test";
		};
/* End PBXNativeTarget section */

/* Begin PBXProject section */
		D38DDBA71B93736800B81824 /* Project object */ = {
			isa = PBXProject;
			attributes = {
				LastUpgradeCheck = 0640;
				ORGANIZATIONNAME = Brian;
				TargetAttributes = {
					D38DDBAE1B93736800B81824 = {
						CreatedOnToolsVersion = 6.4;
					};
					D38DDBCA1B93736800B81824 = {
						CreatedOnToolsVersion = 6.4;
						TestTargetID = D38DDBAE1B93736800B81824;
					};
				};
			};
			buildConfigurationList = D38DDBAA1B93736800B81824 /* Build configuration list for PBXProject "MasterDetailDemo" */;
			compatibilityVersion = "Xcode 3.2";
			developmentRegion = English;
			hasScannedForEncodings = 0;
			knownRegions = (
				en,
				Base,
			);
			mainGroup = D38DDBA61B93736800B81824;
			productRefGroup = D38DDBB01B93736800B81824 /* Products */;
			projectDirPath = "";
			projectRoot = "";
			targets = (
				D38DDBAE1B93736800B81824 /* MasterDetailDemo */,
				D38DDBCA1B93736800B81824 /* MasterDetailDemoTests */,
			);
		};
/* End PBXProject section */

/* Begin PBXResourcesBuildPhase section */
		D38DDBAD1B93736800B81824 /* Resources */ = {
			isa = PBXResourcesBuildPhase;
			buildActionMask = 2147483647;
			files = (
				D38DDBC11B93736800B81824 /* Main.storyboard in Resources */,
				D38DDBC61B93736800B81824 /* LaunchScreen.xib in Resources */,
				D38DDBDF1B93748200B81824 /* someViewController.xib in Resources */,
				D38DDBC31B93736800B81824 /* Images.xcassets in Resources */,
			);
			runOnlyForDeploymentPostprocessing = 0;
		};
		D38DDBC91B93736800B81824 /* Resources */ = {
			isa = PBXResourcesBuildPhase;
			buildActionMask = 2147483647;
			files = (
			);
			runOnlyForDeploymentPostprocessing = 0;
		};
/* End PBXResourcesBuildPhase section */

/* Begin PBXSourcesBuildPhase section */
		D38DDBAB1B93736800B81824 /* Sources */ = {
			isa = PBXSourcesBuildPhase;
			buildActionMask = 2147483647;
			files = (
				D38DDBB81B93736800B81824 /* AppDelegate.m in Sources */,
				D38DDBEB1B937CA300B81824 /* HBBaseViewController.m in Sources */,
				D38DDBBB1B93736800B81824 /* MasterViewController.m in Sources */,
				D38DDBB51B93736800B81824 /* main.m in Sources */,
				D38DDBDE1B93748200B81824 /* someViewController.m in Sources */,
				D38DDBBE1B93736800B81824 /* DetailViewController.m in Sources */,
			);
			runOnlyForDeploymentPostprocessing = 0;
		};
		D38DDBC71B93736800B81824 /* Sources */ = {
			isa = PBXSourcesBuildPhase;
			buildActionMask = 2147483647;
			files = (
				D38DDBD21B93736800B81824 /* MasterDetailDemoTests.m in Sources */,
			);
			runOnlyForDeploymentPostprocessing = 0;
		};
/* End PBXSourcesBuildPhase section */

/* Begin PBXTargetDependency section */
		D38DDBCD1B93736800B81824 /* PBXTargetDependency */ = {
			isa = PBXTargetDependency;
			target = D38DDBAE1B93736800B81824 /* MasterDetailDemo */;
			targetProxy = D38DDBCC1B93736800B81824 /* PBXContainerItemProxy */;
		};
/* End PBXTargetDependency section */

/* Begin PBXVariantGroup section */
		D38DDBBF1B93736800B81824 /* Main.storyboard */ = {
			isa = PBXVariantGroup;
			children = (
				D38DDBC01B93736800B81824 /* Base */,
			);
			name = Main.storyboard;
			sourceTree = "<group>";
		};
		D38DDBC41B93736800B81824 /* LaunchScreen.xib */ = {
			isa = PBXVariantGroup;
			children = (
				D38DDBC51B93736800B81824 /* Base */,
			);
			name = LaunchScreen.xib;
			sourceTree = "<group>";
		};
/* End PBXVariantGroup section */

/* Begin XCBuildConfiguration section */
		D38DDBD31B93736800B81824 /* Debug */ = {
			isa = XCBuildConfiguration;
			buildSettings = {
				ALWAYS_SEARCH_USER_PATHS = NO;
				CLANG_CXX_LANGUAGE_STANDARD = "gnu++0x";
				CLANG_CXX_LIBRARY = "libc++";
				CLANG_ENABLE_MODULES = YES;
				CLANG_ENABLE_OBJC_ARC = YES;
				CLANG_WARN_BOOL_CONVERSION = YES;
				CLANG_WARN_CONSTANT_CONVERSION = YES;
				CLANG_WARN_DIRECT_OBJC_ISA_USAGE = YES_ERROR;
				CLANG_WARN_EMPTY_BODY = YES;
				CLANG_WARN_ENUM_CONVERSION = YES;
				CLANG_WARN_INT_CONVERSION = YES;
				CLANG_WARN_OBJC_ROOT_CLASS = YES_ERROR;
				CLANG_WARN_UNREACHABLE_CODE = YES;
				CLANG_WARN__DUPLICATE_METHOD_MATCH = YES;
				"CODE_SIGN_IDENTITY[sdk=iphoneos*]" = "iPhone Developer";
				COPY_PHASE_STRIP = NO;
				DEBUG_INFORMATION_FORMAT = "dwarf-with-dsym";
				ENABLE_STRICT_OBJC_MSGSEND = YES;
				GCC_C_LANGUAGE_STANDARD = gnu99;
				GCC_DYNAMIC_NO_PIC = NO;
				GCC_NO_COMMON_BLOCKS = YES;
				GCC_OPTIMIZATION_LEVEL = 0;
				GCC_PREPROCESSOR_DEFINITIONS = (
					"DEBUG=1",
					"$(inherited)",
				);
				GCC_SYMBOLS_PRIVATE_EXTERN = NO;
				GCC_WARN_64_TO_32_BIT_CONVERSION = YES;
				GCC_WARN_ABOUT_RETURN_TYPE = YES_ERROR;
				GCC_WARN_UNDECLARED_SELECTOR = YES;
				GCC_WARN_UNINITIALIZED_AUTOS = YES_AGGRESSIVE;
				GCC_WARN_UNUSED_FUNCTION = YES;
				GCC_WARN_UNUSED_VARIABLE = YES;
				IPHONEOS_DEPLOYMENT_TARGET = 8.4;
				MTL_ENABLE_DEBUG_INFO = YES;
				ONLY_ACTIVE_ARCH = YES;
				SDKROOT = iphoneos;
			};
			name = Debug;
		};
		D38DDBD41B93736800B81824 /* Release */ = {
			isa = XCBuildConfiguration;
			buildSettings = {
				ALWAYS_SEARCH_USER_PATHS = NO;
				CLANG_CXX_LANGUAGE_STANDARD = "gnu++0x";
				CLANG_CXX_LIBRARY = "libc++";
				CLANG_ENABLE_MODULES = YES;
				CLANG_ENABLE_OBJC_ARC = YES;
				CLANG_WARN_BOOL_CONVERSION = YES;
				CLANG_WARN_CONSTANT_CONVERSION = YES;
				CLANG_WARN_DIRECT_OBJC_ISA_USAGE = YES_ERROR;
				CLANG_WARN_EMPTY_BODY = YES;
				CLANG_WARN_ENUM_CONVERSION = YES;
				CLANG_WARN_INT_CONVERSION = YES;
				CLANG_WARN_OBJC_ROOT_CLASS = YES_ERROR;
				CLANG_WARN_UNREACHABLE_CODE = YES;
				CLANG_WARN__DUPLICATE_METHOD_MATCH = YES;
				"CODE_SIGN_IDENTITY[sdk=iphoneos*]" = "iPhone Developer";
				COPY_PHASE_STRIP = NO;
				DEBUG_INFORMATION_FORMAT = "dwarf-with-dsym";
				ENABLE_NS_ASSERTIONS = NO;
				ENABLE_STRICT_OBJC_MSGSEND = YES;
				GCC_C_LANGUAGE_STANDARD = gnu99;
				GCC_NO_COMMON_BLOCKS = YES;
				GCC_WARN_64_TO_32_BIT_CONVERSION = YES;
				GCC_WARN_ABOUT_RETURN_TYPE = YES_ERROR;
				GCC_WARN_UNDECLARED_SELECTOR = YES;
				GCC_WARN_UNINITIALIZED_AUTOS = YES_AGGRESSIVE;
				GCC_WARN_UNUSED_FUNCTION = YES;
				GCC_WARN_UNUSED_VARIABLE = YES;
				IPHONEOS_DEPLOYMENT_TARGET = 8.4;
				MTL_ENABLE_DEBUG_INFO = NO;
				SDKROOT = iphoneos;
				VALIDATE_PRODUCT = YES;
			};
			name = Release;
		};
		D38DDBD61B93736900B81824 /* Debug */ = {
			isa = XCBuildConfiguration;
			buildSettings = {
				ASSETCATALOG_COMPILER_APPICON_NAME = AppIcon;
				INFOPLIST_FILE = MasterDetailDemo/Info.plist;
				LD_RUNPATH_SEARCH_PATHS = "$(inherited) @executable_path/Frameworks";
				PRODUCT_NAME = "$(TARGET_NAME)";
			};
			name = Debug;
		};
		D38DDBD71B93736900B81824 /* Release */ = {
			isa = XCBuildConfiguration;
			buildSettings = {
				ASSETCATALOG_COMPILER_APPICON_NAME = AppIcon;
				INFOPLIST_FILE = MasterDetailDemo/Info.plist;
				LD_RUNPATH_SEARCH_PATHS = "$(inherited) @executable_path/Frameworks";
				PRODUCT_NAME = "$(TARGET_NAME)";
			};
			name = Release;
		};
		D38DDBD91B93736900B81824 /* Debug */ = {
			isa = XCBuildConfiguration;
			buildSettings = {
				BUNDLE_LOADER = "$(TEST_HOST)";
				FRAMEWORK_SEARCH_PATHS = (
					"$(SDKROOT)/Developer/Library/Frameworks",
					"$(inherited)",
				);
				GCC_PREPROCESSOR_DEFINITIONS = (
					"DEBUG=1",
					"$(inherited)",
				);
				INFOPLIST_FILE = MasterDetailDemoTests/Info.plist;
				LD_RUNPATH_SEARCH_PATHS = "$(inherited) @executable_path/Frameworks @loader_path/Frameworks";
				PRODUCT_NAME = "$(TARGET_NAME)";
				TEST_HOST = "$(BUILT_PRODUCTS_DIR)/MasterDetailDemo.app/MasterDetailDemo";
			};
			name = Debug;
		};
		D38DDBDA1B93736900B81824 /* Release */ = {
			isa = XCBuildConfiguration;
			buildSettings = {
				BUNDLE_LOADER = "$(TEST_HOST)";
				FRAMEWORK_SEARCH_PATHS = (
					"$(SDKROOT)/Developer/Library/Frameworks",
					"$(inherited)",
				);
				INFOPLIST_FILE = MasterDetailDemoTests/Info.plist;
				LD_RUNPATH_SEARCH_PATHS = "$(inherited) @executable_path/Frameworks @loader_path/Frameworks";
				PRODUCT_NAME = "$(TARGET_NAME)";
				TEST_HOST = "$(BUILT_PRODUCTS_DIR)/MasterDetailDemo.app/MasterDetailDemo";
			};
			name = Release;
		};
/* End XCBuildConfiguration section */

/* Begin XCConfigurationList section */
		D38DDBAA1B93736800B81824 /* Build configuration list for PBXProject "MasterDetailDemo" */ = {
			isa = XCConfigurationList;
			buildConfigurations = (
				D38DDBD31B93736800B81824 /* Debug */,
				D38DDBD41B93736800B81824 /* Release */,
			);
			defaultConfigurationIsVisible = 0;
			defaultConfigurationName = Release;
		};
		D38DDBD51B93736900B81824 /* Build configuration list for PBXNativeTarget "MasterDetailDemo" */ = {
			isa = XCConfigurationList;
			buildConfigurations = (
				D38DDBD61B93736900B81824 /* Debug */,
				D38DDBD71B93736900B81824 /* Release */,
			);
			defaultConfigurationIsVisible = 0;
			defaultConfigurationName = Release;
		};
		D38DDBD81B93736900B81824 /* Build configuration list for PBXNativeTarget "MasterDetailDemoTests" */ = {
			isa = XCConfigurationList;
			buildConfigurations = (
				D38DDBD91B93736900B81824 /* Debug */,
				D38DDBDA1B93736900B81824 /* Release */,
			);
			defaultConfigurationIsVisible = 0;
			defaultConfigurationName = Release;
		};
/* End XCConfigurationList section */
	};
	rootObject = D38DDBA71B93736800B81824 /* Project object */;
}
